// !$*UTF8*$!
{
	archiveVersion = 1;
	classes = {
	};
	objectVersion = 77;
	objects = {

/* Begin PBXContainerItemProxy section */
		CE12A86E2DC478C500DC59E1 /* PBXContainerItemProxy */ = {
			isa = PBXContainerItemProxy;
			containerPortal = CE12A8552DC478C300DC59E1 /* Project object */;
			proxyType = 1;
			remoteGlobalIDString = CE12A85C2DC478C300DC59E1;
			remoteInfo = iOSAssignment3;
		};
		CE12A8782DC478C500DC59E1 /* PBXContainerItemProxy */ = {
			isa = PBXContainerItemProxy;
			containerPortal = CE12A8552DC478C300DC59E1 /* Project object */;
			proxyType = 1;
			remoteGlobalIDString = CE12A85C2DC478C300DC59E1;
			remoteInfo = iOSAssignment3;
		};
/* End PBXContainerItemProxy section */

/* Begin PBXFileReference section */
		CE12A85D2DC478C300DC59E1 /* iOSAssignment3.app */ = {isa = PBXFileReference; explicitFileType = wrapper.application; includeInIndex = 0; path = iOSAssignment3.app; sourceTree = BUILT_PRODUCTS_DIR; };
		CE12A86D2DC478C500DC59E1 /* iOSAssignment3Tests.xctest */ = {isa = PBXFileReference; explicitFileType = wrapper.cfbundle; includeInIndex = 0; path = iOSAssignment3Tests.xctest; sourceTree = BUILT_PRODUCTS_DIR; };
		CE12A8772DC478C500DC59E1 /* iOSAssignment3UITests.xctest */ = {isa = PBXFileReference; explicitFileType = wrapper.cfbundle; includeInIndex = 0; path = iOSAssignment3UITests.xctest; sourceTree = BUILT_PRODUCTS_DIR; };
/* End PBXFileReference section */

/* Begin PBXFileSystemSynchronizedRootGroup section */
		CE12A85F2DC478C300DC59E1 /* iOSAssignment3 */ = {
			isa = PBXFileSystemSynchronizedRootGroup;
			path = iOSAssignment3;
			sourceTree = "<group>";
		};
		CE12A8702DC478C500DC59E1 /* iOSAssignment3Tests */ = {
			isa = PBXFileSystemSynchronizedRootGroup;
			path = iOSAssignment3Tests;
			sourceTree = "<group>";
		};
		CE12A87A2DC478C500DC59E1 /* iOSAssignment3UITests */ = {
			isa = PBXFileSystemSynchronizedRootGroup;
			path = iOSAssignment3UITests;
			sourceTree = "<group>";
		};
/* End PBXFileSystemSynchronizedRootGroup section */

/* Begin PBXFrameworksBuildPhase section */
		CE12A85A2DC478C300DC59E1 /* Frameworks */ = {
			isa = PBXFrameworksBuildPhase;
			buildActionMask = 2147483647;
			files = (
			);
			runOnlyForDeploymentPostprocessing = 0;
		};
		CE12A86A2DC478C500DC59E1 /* Frameworks */ = {
			isa = PBXFrameworksBuildPhase;
			buildActionMask = 2147483647;
			files = (
			);
			runOnlyForDeploymentPostprocessing = 0;
		};
		CE12A8742DC478C500DC59E1 /* Frameworks */ = {
			isa = PBXFrameworksBuildPhase;
			buildActionMask = 2147483647;
			files = (
			);
			runOnlyForDeploymentPostprocessing = 0;
		};
/* End PBXFrameworksBuildPhase section */

/* Begin PBXGroup section */
		CE12A8542DC478C300DC59E1 = {
			isa = PBXGroup;
			children = (
				CE12A85F2DC478C300DC59E1 /* iOSAssignment3 */,
				CE12A8702DC478C500DC59E1 /* iOSAssignment3Tests */,
				CE12A87A2DC478C500DC59E1 /* iOSAssignment3UITests */,
				CE12A85E2DC478C300DC59E1 /* Products */,
			);
			sourceTree = "<group>";
		};
		CE12A85E2DC478C300DC59E1 /* Products */ = {
			isa = PBXGroup;
			children = (
				CE12A85D2DC478C300DC59E1 /* iOSAssignment3.app */,
				CE12A86D2DC478C500DC59E1 /* iOSAssignment3Tests.xctest */,
				CE12A8772DC478C500DC59E1 /* iOSAssignment3UITests.xctest */,
			);
			name = Products;
			sourceTree = "<group>";
		};
/* End PBXGroup section */

/* Begin PBXNativeTarget section */
		CE12A85C2DC478C300DC59E1 /* iOSAssignment3 */ = {
			isa = PBXNativeTarget;
			buildConfigurationList = CE12A8812DC478C500DC59E1 /* Build configuration list for PBXNativeTarget "iOSAssignment3" */;
			buildPhases = (
				CE12A8592DC478C300DC59E1 /* Sources */,
				CE12A85A2DC478C300DC59E1 /* Frameworks */,
				CE12A85B2DC478C300DC59E1 /* Resources */,
			);
			buildRules = (
			);
			dependencies = (
			);
			fileSystemSynchronizedGroups = (
				CE12A85F2DC478C300DC59E1 /* iOSAssignment3 */,
			);
			name = iOSAssignment3;
			packageProductDependencies = (
			);
			productName = iOSAssignment3;
			productReference = CE12A85D2DC478C300DC59E1 /* iOSAssignment3.app */;
			productType = "com.apple.product-type.application";
		};
		CE12A86C2DC478C500DC59E1 /* iOSAssignment3Tests */ = {
			isa = PBXNativeTarget;
			buildConfigurationList = CE12A8842DC478C500DC59E1 /* Build configuration list for PBXNativeTarget "iOSAssignment3Tests" */;
			buildPhases = (
				CE12A8692DC478C500DC59E1 /* Sources */,
				CE12A86A2DC478C500DC59E1 /* Frameworks */,
				CE12A86B2DC478C500DC59E1 /* Resources */,
			);
			buildRules = (
			);
			dependencies = (
				CE12A86F2DC478C500DC59E1 /* PBXTargetDependency */,
			);
			fileSystemSynchronizedGroups = (
				CE12A8702DC478C500DC59E1 /* iOSAssignment3Tests */,
			);
			name = iOSAssignment3Tests;
			packageProductDependencies = (
			);
			productName = iOSAssignment3Tests;
			productReference = CE12A86D2DC478C500DC59E1 /* iOSAssignment3Tests.xctest */;
			productType = "com.apple.product-type.bundle.unit-test";
		};
		CE12A8762DC478C500DC59E1 /* iOSAssignment3UITests */ = {
			isa = PBXNativeTarget;
			buildConfigurationList = CE12A8872DC478C500DC59E1 /* Build configuration list for PBXNativeTarget "iOSAssignment3UITests" */;
			buildPhases = (
				CE12A8732DC478C500DC59E1 /* Sources */,
				CE12A8742DC478C500DC59E1 /* Frameworks */,
				CE12A8752DC478C500DC59E1 /* Resources */,
			);
			buildRules = (
			);
			dependencies = (
				CE12A8792DC478C500DC59E1 /* PBXTargetDependency */,
			);
			fileSystemSynchronizedGroups = (
				CE12A87A2DC478C500DC59E1 /* iOSAssignment3UITests */,
			);
			name = iOSAssignment3UITests;
			packageProductDependencies = (
			);
			productName = iOSAssignment3UITests;
			productReference = CE12A8772DC478C500DC59E1 /* iOSAssignment3UITests.xctest */;
			productType = "com.apple.product-type.bundle.ui-testing";
		};
/* End PBXNativeTarget section */

/* Begin PBXProject section */
		CE12A8552DC478C300DC59E1 /* Project object */ = {
			isa = PBXProject;
			attributes = {
				BuildIndependentTargetsInParallel = 1;
				LastSwiftUpdateCheck = 1620;
				LastUpgradeCheck = 1620;
				TargetAttributes = {
					CE12A85C2DC478C300DC59E1 = {
						CreatedOnToolsVersion = 16.2;
					};
					CE12A86C2DC478C500DC59E1 = {
						CreatedOnToolsVersion = 16.2;
						TestTargetID = CE12A85C2DC478C300DC59E1;
					};
					CE12A8762DC478C500DC59E1 = {
						CreatedOnToolsVersion = 16.2;
						TestTargetID = CE12A85C2DC478C300DC59E1;
					};
				};
			};
			buildConfigurationList = CE12A8582DC478C300DC59E1 /* Build configuration list for PBXProject "iOSAssignment3" */;
			developmentRegion = en;
			hasScannedForEncodings = 0;
			knownRegions = (
				en,
				Base,
			);
			mainGroup = CE12A8542DC478C300DC59E1;
			minimizedProjectReferenceProxies = 1;
			preferredProjectObjectVersion = 77;
			productRefGroup = CE12A85E2DC478C300DC59E1 /* Products */;
			projectDirPath = "";
			projectRoot = "";
			targets = (
				CE12A85C2DC478C300DC59E1 /* iOSAssignment3 */,
				CE12A86C2DC478C500DC59E1 /* iOSAssignment3Tests */,
				CE12A8762DC478C500DC59E1 /* iOSAssignment3UITests */,
			);
		};
/* End PBXProject section */

/* Begin PBXResourcesBuildPhase section */
		CE12A85B2DC478C300DC59E1 /* Resources */ = {
			isa = PBXResourcesBuildPhase;
			buildActionMask = 2147483647;
			files = (
			);
			runOnlyForDeploymentPostprocessing = 0;
		};
		CE12A86B2DC478C500DC59E1 /* Resources */ = {
			isa = PBXResourcesBuildPhase;
			buildActionMask = 2147483647;
			files = (
			);
			runOnlyForDeploymentPostprocessing = 0;
		};
		CE12A8752DC478C500DC59E1 /* Resources */ = {
			isa = PBXResourcesBuildPhase;
			buildActionMask = 2147483647;
			files = (
			);
			runOnlyForDeploymentPostprocessing = 0;
		};
/* End PBXResourcesBuildPhase section */

/* Begin PBXSourcesBuildPhase section */
		CE12A8592DC478C300DC59E1 /* Sources */ = {
			isa = PBXSourcesBuildPhase;
			buildActionMask = 2147483647;
			files = (
			);
			runOnlyForDeploymentPostprocessing = 0;
		};
		CE12A8692DC478C500DC59E1 /* Sources */ = {
			isa = PBXSourcesBuildPhase;
			buildActionMask = 2147483647;
			files = (
			);
			runOnlyForDeploymentPostprocessing = 0;
		};
		CE12A8732DC478C500DC59E1 /* Sources */ = {
			isa = PBXSourcesBuildPhase;
			buildActionMask = 2147483647;
			files = (
			);
			runOnlyForDeploymentPostprocessing = 0;
		};
/* End PBXSourcesBuildPhase section */

/* Begin PBXTargetDependency section */
		CE12A86F2DC478C500DC59E1 /* PBXTargetDependency */ = {
			isa = PBXTargetDependency;
			target = CE12A85C2DC478C300DC59E1 /* iOSAssignment3 */;
			targetProxy = CE12A86E2DC478C500DC59E1 /* PBXContainerItemProxy */;
		};
		CE12A8792DC478C500DC59E1 /* PBXTargetDependency */ = {
			isa = PBXTargetDependency;
			target = CE12A85C2DC478C300DC59E1 /* iOSAssignment3 */;
			targetProxy = CE12A8782DC478C500DC59E1 /* PBXContainerItemProxy */;
		};
/* End PBXTargetDependency section */

/* Begin XCBuildConfiguration section */
		CE12A87F2DC478C500DC59E1 /* Debug */ = {
			isa = XCBuildConfiguration;
			buildSettings = {
				ALWAYS_SEARCH_USER_PATHS = NO;
				ASSETCATALOG_COMPILER_GENERATE_SWIFT_ASSET_SYMBOL_EXTENSIONS = YES;
				CLANG_ANALYZER_NONNULL = YES;
				CLANG_ANALYZER_NUMBER_OBJECT_CONVERSION = YES_AGGRESSIVE;
				CLANG_CXX_LANGUAGE_STANDARD = "gnu++20";
				CLANG_ENABLE_MODULES = YES;
				CLANG_ENABLE_OBJC_ARC = YES;
				CLANG_ENABLE_OBJC_WEAK = YES;
				CLANG_WARN_BLOCK_CAPTURE_AUTORELEASING = YES;
				CLANG_WARN_BOOL_CONVERSION = YES;
				CLANG_WARN_COMMA = YES;
				CLANG_WARN_CONSTANT_CONVERSION = YES;
				CLANG_WARN_DEPRECATED_OBJC_IMPLEMENTATIONS = YES;
				CLANG_WARN_DIRECT_OBJC_ISA_USAGE = YES_ERROR;
				CLANG_WARN_DOCUMENTATION_COMMENTS = YES;
				CLANG_WARN_EMPTY_BODY = YES;
				CLANG_WARN_ENUM_CONVERSION = YES;
				CLANG_WARN_INFINITE_RECURSION = YES;
				CLANG_WARN_INT_CONVERSION = YES;
				CLANG_WARN_NON_LITERAL_NULL_CONVERSION = YES;
				CLANG_WARN_OBJC_IMPLICIT_RETAIN_SELF = YES;
				CLANG_WARN_OBJC_LITERAL_CONVERSION = YES;
				CLANG_WARN_OBJC_ROOT_CLASS = YES_ERROR;
				CLANG_WARN_QUOTED_INCLUDE_IN_FRAMEWORK_HEADER = YES;
				CLANG_WARN_RANGE_LOOP_ANALYSIS = YES;
				CLANG_WARN_STRICT_PROTOTYPES = YES;
				CLANG_WARN_SUSPICIOUS_MOVE = YES;
				CLANG_WARN_UNGUARDED_AVAILABILITY = YES_AGGRESSIVE;
				CLANG_WARN_UNREACHABLE_CODE = YES;
				CLANG_WARN__DUPLICATE_METHOD_MATCH = YES;
				COPY_PHASE_STRIP = NO;
				DEBUG_INFORMATION_FORMAT = dwarf;
				ENABLE_STRICT_OBJC_MSGSEND = YES;
				ENABLE_TESTABILITY = YES;
				ENABLE_USER_SCRIPT_SANDBOXING = YES;
				GCC_C_LANGUAGE_STANDARD = gnu17;
				GCC_DYNAMIC_NO_PIC = NO;
				GCC_NO_COMMON_BLOCKS = YES;
				GCC_OPTIMIZATION_LEVEL = 0;
				GCC_PREPROCESSOR_DEFINITIONS = (
					"DEBUG=1",
					"$(inherited)",
				);
				GCC_WARN_64_TO_32_BIT_CONVERSION = YES;
				GCC_WARN_ABOUT_RETURN_TYPE = YES_ERROR;
				GCC_WARN_UNDECLARED_SELECTOR = YES;
				GCC_WARN_UNINITIALIZED_AUTOS = YES_AGGRESSIVE;
				GCC_WARN_UNUSED_FUNCTION = YES;
				GCC_WARN_UNUSED_VARIABLE = YES;
				IPHONEOS_DEPLOYMENT_TARGET = 18.2;
				LOCALIZATION_PREFERS_STRING_CATALOGS = YES;
				MTL_ENABLE_DEBUG_INFO = INCLUDE_SOURCE;
				MTL_FAST_MATH = YES;
				ONLY_ACTIVE_ARCH = YES;
				SDKROOT = iphoneos;
				SWIFT_ACTIVE_COMPILATION_CONDITIONS = "DEBUG $(inherited)";
				SWIFT_OPTIMIZATION_LEVEL = "-Onone";
			};
			name = Debug;
		};
		CE12A8802DC478C500DC59E1 /* Release */ = {
			isa = XCBuildConfiguration;
			buildSettings = {
				ALWAYS_SEARCH_USER_PATHS = NO;
				ASSETCATALOG_COMPILER_GENERATE_SWIFT_ASSET_SYMBOL_EXTENSIONS = YES;
				CLANG_ANALYZER_NONNULL = YES;
				CLANG_ANALYZER_NUMBER_OBJECT_CONVERSION = YES_AGGRESSIVE;
				CLANG_CXX_LANGUAGE_STANDARD = "gnu++20";
				CLANG_ENABLE_MODULES = YES;
				CLANG_ENABLE_OBJC_ARC = YES;
				CLANG_ENABLE_OBJC_WEAK = YES;
				CLANG_WARN_BLOCK_CAPTURE_AUTORELEASING = YES;
				CLANG_WARN_BOOL_CONVERSION = YES;
				CLANG_WARN_COMMA = YES;
				CLANG_WARN_CONSTANT_CONVERSION = YES;
				CLANG_WARN_DEPRECATED_OBJC_IMPLEMENTATIONS = YES;
				CLANG_WARN_DIRECT_OBJC_ISA_USAGE = YES_ERROR;
				CLANG_WARN_DOCUMENTATION_COMMENTS = YES;
				CLANG_WARN_EMPTY_BODY = YES;
				CLANG_WARN_ENUM_CONVERSION = YES;
				CLANG_WARN_INFINITE_RECURSION = YES;
				CLANG_WARN_INT_CONVERSION = YES;
				CLANG_WARN_NON_LITERAL_NULL_CONVERSION = YES;
				CLANG_WARN_OBJC_IMPLICIT_RETAIN_SELF = YES;
				CLANG_WARN_OBJC_LITERAL_CONVERSION = YES;
				CLANG_WARN_OBJC_ROOT_CLASS = YES_ERROR;
				CLANG_WARN_QUOTED_INCLUDE_IN_FRAMEWORK_HEADER = YES;
				CLANG_WARN_RANGE_LOOP_ANALYSIS = YES;
				CLANG_WARN_STRICT_PROTOTYPES = YES;
				CLANG_WARN_SUSPICIOUS_MOVE = YES;
				CLANG_WARN_UNGUARDED_AVAILABILITY = YES_AGGRESSIVE;
				CLANG_WARN_UNREACHABLE_CODE = YES;
				CLANG_WARN__DUPLICATE_METHOD_MATCH = YES;
				COPY_PHASE_STRIP = NO;
				DEBUG_INFORMATION_FORMAT = "dwarf-with-dsym";
				ENABLE_NS_ASSERTIONS = NO;
				ENABLE_STRICT_OBJC_MSGSEND = YES;
				ENABLE_USER_SCRIPT_SANDBOXING = YES;
				GCC_C_LANGUAGE_STANDARD = gnu17;
				GCC_NO_COMMON_BLOCKS = YES;
				GCC_WARN_64_TO_32_BIT_CONVERSION = YES;
				GCC_WARN_ABOUT_RETURN_TYPE = YES_ERROR;
				GCC_WARN_UNDECLARED_SELECTOR = YES;
				GCC_WARN_UNINITIALIZED_AUTOS = YES_AGGRESSIVE;
				GCC_WARN_UNUSED_FUNCTION = YES;
				GCC_WARN_UNUSED_VARIABLE = YES;
				IPHONEOS_DEPLOYMENT_TARGET = 18.2;
				LOCALIZATION_PREFERS_STRING_CATALOGS = YES;
				MTL_ENABLE_DEBUG_INFO = NO;
				MTL_FAST_MATH = YES;
				SDKROOT = iphoneos;
				SWIFT_COMPILATION_MODE = wholemodule;
				VALIDATE_PRODUCT = YES;
			};
			name = Release;
		};
		CE12A8822DC478C500DC59E1 /* Debug */ = {
			isa = XCBuildConfiguration;
			buildSettings = {
				ASSETCATALOG_COMPILER_APPICON_NAME = AppIcon;
				ASSETCATALOG_COMPILER_GLOBAL_ACCENT_COLOR_NAME = AccentColor;
				CODE_SIGN_STYLE = Automatic;
				CURRENT_PROJECT_VERSION = 1;
				DEVELOPMENT_ASSET_PATHS = "\"iOSAssignment3/Preview Content\"";
				ENABLE_PREVIEWS = YES;
				GENERATE_INFOPLIST_FILE = YES;
				INFOPLIST_KEY_UIApplicationSceneManifest_Generation = YES;
				INFOPLIST_KEY_UIApplicationSupportsIndirectInputEvents = YES;
				INFOPLIST_KEY_UILaunchScreen_Generation = YES;
				INFOPLIST_KEY_UISupportedInterfaceOrientations_iPad = "UIInterfaceOrientationPortrait UIInterfaceOrientationPortraitUpsideDown UIInterfaceOrientationLandscapeLeft UIInterfaceOrientationLandscapeRight";
				INFOPLIST_KEY_UISupportedInterfaceOrientations_iPhone = "UIInterfaceOrientationPortrait UIInterfaceOrientationLandscapeLeft UIInterfaceOrientationLandscapeRight";
				LD_RUNPATH_SEARCH_PATHS = (
					"$(inherited)",
					"@executable_path/Frameworks",
				);
				MARKETING_VERSION = 1.0;
				PRODUCT_BUNDLE_IDENTIFIER = testpattern.iOSAssignment3;
				PRODUCT_NAME = "$(TARGET_NAME)";
				SWIFT_EMIT_LOC_STRINGS = YES;
				SWIFT_VERSION = 5.0;
				TARGETED_DEVICE_FAMILY = "1,2";
			};
			name = Debug;
		};
		CE12A8832DC478C500DC59E1 /* Release */ = {
			isa = XCBuildConfiguration;
			buildSettings = {
				ASSETCATALOG_COMPILER_APPICON_NAME = AppIcon;
				ASSETCATALOG_COMPILER_GLOBAL_ACCENT_COLOR_NAME = AccentColor;
				CODE_SIGN_STYLE = Automatic;
				CURRENT_PROJECT_VERSION = 1;
				DEVELOPMENT_ASSET_PATHS = "\"iOSAssignment3/Preview Content\"";
				ENABLE_PREVIEWS = YES;
				GENERATE_INFOPLIST_FILE = YES;
				INFOPLIST_KEY_UIApplicationSceneManifest_Generation = YES;
				INFOPLIST_KEY_UIApplicationSupportsIndirectInputEvents = YES;
				INFOPLIST_KEY_UILaunchScreen_Generation = YES;
				INFOPLIST_KEY_UISupportedInterfaceOrientations_iPad = "UIInterfaceOrientationPortrait UIInterfaceOrientationPortraitUpsideDown UIInterfaceOrientationLandscapeLeft UIInterfaceOrientationLandscapeRight";
				INFOPLIST_KEY_UISupportedInterfaceOrientations_iPhone = "UIInterfaceOrientationPortrait UIInterfaceOrientationLandscapeLeft UIInterfaceOrientationLandscapeRight";
				LD_RUNPATH_SEARCH_PATHS = (
					"$(inherited)",
					"@executable_path/Frameworks",
				);
				MARKETING_VERSION = 1.0;
				PRODUCT_BUNDLE_IDENTIFIER = testpattern.iOSAssignment3;
				PRODUCT_NAME = "$(TARGET_NAME)";
				SWIFT_EMIT_LOC_STRINGS = YES;
				SWIFT_VERSION = 5.0;
				TARGETED_DEVICE_FAMILY = "1,2";
			};
			name = Release;
		};
		CE12A8852DC478C500DC59E1 /* Debug */ = {
			isa = XCBuildConfiguration;
			buildSettings = {
				BUNDLE_LOADER = "$(TEST_HOST)";
				CODE_SIGN_STYLE = Automatic;
				CURRENT_PROJECT_VERSION = 1;
				GENERATE_INFOPLIST_FILE = YES;
				IPHONEOS_DEPLOYMENT_TARGET = 18.2;
				MARKETING_VERSION = 1.0;
				PRODUCT_BUNDLE_IDENTIFIER = testpattern.iOSAssignment3Tests;
				PRODUCT_NAME = "$(TARGET_NAME)";
				SWIFT_EMIT_LOC_STRINGS = NO;
				SWIFT_VERSION = 5.0;
				TARGETED_DEVICE_FAMILY = "1,2";
				TEST_HOST = "$(BUILT_PRODUCTS_DIR)/iOSAssignment3.app/$(BUNDLE_EXECUTABLE_FOLDER_PATH)/iOSAssignment3";
			};
			name = Debug;
		};
		CE12A8862DC478C500DC59E1 /* Release */ = {
			isa = XCBuildConfiguration;
			buildSettings = {
				BUNDLE_LOADER = "$(TEST_HOST)";
				CODE_SIGN_STYLE = Automatic;
				CURRENT_PROJECT_VERSION = 1;
				GENERATE_INFOPLIST_FILE = YES;
				IPHONEOS_DEPLOYMENT_TARGET = 18.2;
				MARKETING_VERSION = 1.0;
				PRODUCT_BUNDLE_IDENTIFIER = testpattern.iOSAssignment3Tests;
				PRODUCT_NAME = "$(TARGET_NAME)";
				SWIFT_EMIT_LOC_STRINGS = NO;
				SWIFT_VERSION = 5.0;
				TARGETED_DEVICE_FAMILY = "1,2";
				TEST_HOST = "$(BUILT_PRODUCTS_DIR)/iOSAssignment3.app/$(BUNDLE_EXECUTABLE_FOLDER_PATH)/iOSAssignment3";
			};
			name = Release;
		};
		CE12A8882DC478C500DC59E1 /* Debug */ = {
			isa = XCBuildConfiguration;
			buildSettings = {
				CODE_SIGN_STYLE = Automatic;
				CURRENT_PROJECT_VERSION = 1;
				GENERATE_INFOPLIST_FILE = YES;
				MARKETING_VERSION = 1.0;
				PRODUCT_BUNDLE_IDENTIFIER = testpattern.iOSAssignment3UITests;
				PRODUCT_NAME = "$(TARGET_NAME)";
				SWIFT_EMIT_LOC_STRINGS = NO;
				SWIFT_VERSION = 5.0;
				TARGETED_DEVICE_FAMILY = "1,2";
				TEST_TARGET_NAME = iOSAssignment3;
			};
			name = Debug;
		};
		CE12A8892DC478C500DC59E1 /* Release */ = {
			isa = XCBuildConfiguration;
			buildSettings = {
				CODE_SIGN_STYLE = Automatic;
				CURRENT_PROJECT_VERSION = 1;
				GENERATE_INFOPLIST_FILE = YES;
				MARKETING_VERSION = 1.0;
				PRODUCT_BUNDLE_IDENTIFIER = testpattern.iOSAssignment3UITests;
				PRODUCT_NAME = "$(TARGET_NAME)";
				SWIFT_EMIT_LOC_STRINGS = NO;
				SWIFT_VERSION = 5.0;
				TARGETED_DEVICE_FAMILY = "1,2";
				TEST_TARGET_NAME = iOSAssignment3;
			};
			name = Release;
		};
/* End XCBuildConfiguration section */

/* Begin XCConfigurationList section */
		CE12A8582DC478C300DC59E1 /* Build configuration list for PBXProject "iOSAssignment3" */ = {
			isa = XCConfigurationList;
			buildConfigurations = (
				CE12A87F2DC478C500DC59E1 /* Debug */,
				CE12A8802DC478C500DC59E1 /* Release */,
			);
			defaultConfigurationIsVisible = 0;
			defaultConfigurationName = Release;
		};
		CE12A8812DC478C500DC59E1 /* Build configuration list for PBXNativeTarget "iOSAssignment3" */ = {
			isa = XCConfigurationList;
			buildConfigurations = (
				CE12A8822DC478C500DC59E1 /* Debug */,
				CE12A8832DC478C500DC59E1 /* Release */,
			);
			defaultConfigurationIsVisible = 0;
			defaultConfigurationName = Release;
		};
		CE12A8842DC478C500DC59E1 /* Build configuration list for PBXNativeTarget "iOSAssignment3Tests" */ = {
			isa = XCConfigurationList;
			buildConfigurations = (
				CE12A8852DC478C500DC59E1 /* Debug */,
				CE12A8862DC478C500DC59E1 /* Release */,
			);
			defaultConfigurationIsVisible = 0;
			defaultConfigurationName = Release;
		};
		CE12A8872DC478C500DC59E1 /* Build configuration list for PBXNativeTarget "iOSAssignment3UITests" */ = {
			isa = XCConfigurationList;
			buildConfigurations = (
				CE12A8882DC478C500DC59E1 /* Debug */,
				CE12A8892DC478C500DC59E1 /* Release */,
			);
			defaultConfigurationIsVisible = 0;
			defaultConfigurationName = Release;
		};
/* End XCConfigurationList section */
	};
	rootObject = CE12A8552DC478C300DC59E1 /* Project object */;
}
