// !$*UTF8*$!
{
	archiveVersion = 1;
	classes = {
	};
	objectVersion = 56;
	objects = {

/* Begin PBXBuildFile section */
		6A1C553C2DD2036000925D0B /* PokeType.swift in Sources */ = {isa = PBXBuildFile; fileRef = 6A1C553B2DD2036000925D0B /* PokeType.swift */; };
		6A1C553E2DD2037D00925D0B /* PokeView.swift in Sources */ = {isa = PBXBuildFile; fileRef = 6A1C553D2DD2037D00925D0B /* PokeView.swift */; };
		6A1C55402DD2039E00925D0B /* SelectionBox.swift in Sources */ = {isa = PBXBuildFile; fileRef = 6A1C553F2DD2039E00925D0B /* SelectionBox.swift */; };
		6A1C55422DD203B800925D0B /* Move.swift in Sources */ = {isa = PBXBuildFile; fileRef = 6A1C55412DD203B800925D0B /* Move.swift */; };
		6A1C55442DD203E500925D0B /* PokedexEntry.swift in Sources */ = {isa = PBXBuildFile; fileRef = 6A1C55432DD203E500925D0B /* PokedexEntry.swift */; };
		6A4D4FF52DCDB68A00515AE4 /* PokemonBattleCalculatorView.swift in Sources */ = {isa = PBXBuildFile; fileRef = 6A4D4FF42DCDB68900515AE4 /* PokemonBattleCalculatorView.swift */; };
		6A5E23712DD0968800C60CBD /* CalculateView.swift in Sources */ = {isa = PBXBuildFile; fileRef = 6A5E23702DD0968800C60CBD /* CalculateView.swift */; };
		6AA5D4842DCF320100CD475C /* moves.json in Resources */ = {isa = PBXBuildFile; fileRef = 6ADB8D8B2DCF2DCC00DA0F81 /* moves.json */; };
		6AA5D4852DCF320100CD475C /* pokedex.json in Resources */ = {isa = PBXBuildFile; fileRef = 6ADB8D8C2DCF2DCC00DA0F81 /* pokedex.json */; };
		6AA5D4862DCF320100CD475C /* types.json in Resources */ = {isa = PBXBuildFile; fileRef = 6ADB8D8D2DCF2DCC00DA0F81 /* types.json */; };
		6AA5D48A2DCF41DB00CD475C /* PokemonSelectionView.swift in Sources */ = {isa = PBXBuildFile; fileRef = 6AA5D4892DCF41DB00CD475C /* PokemonSelectionView.swift */; };
		6AA5D48C2DCF441900CD475C /* MoveListView.swift in Sources */ = {isa = PBXBuildFile; fileRef = 6AA5D48B2DCF441900CD475C /* MoveListView.swift */; };
		6AA5D4902DCF53C600CD475C /* SelectInfoView.swift in Sources */ = {isa = PBXBuildFile; fileRef = 6AA5D48F2DCF53C600CD475C /* SelectInfoView.swift */; };
		6AFAD0CD2DCDB43600063E06 /* iOSAssignment3App.swift in Sources */ = {isa = PBXBuildFile; fileRef = 6AFAD0CC2DCDB43600063E06 /* iOSAssignment3App.swift */; };
		6AFAD0D12DCDB43900063E06 /* Assets.xcassets in Resources */ = {isa = PBXBuildFile; fileRef = 6AFAD0D02DCDB43900063E06 /* Assets.xcassets */; };
		6AFAD0D42DCDB43900063E06 /* Preview Assets.xcassets in Resources */ = {isa = PBXBuildFile; fileRef = 6AFAD0D32DCDB43900063E06 /* Preview Assets.xcassets */; };
		CE8C96522DCDB8DC0005C5B5 /* todo.txt in Resources */ = {isa = PBXBuildFile; fileRef = CE8C96512DCDB8DC0005C5B5 /* todo.txt */; };
/* End PBXBuildFile section */

/* Begin PBXFileReference section */
		6A1C553B2DD2036000925D0B /* PokeType.swift */ = {isa = PBXFileReference; lastKnownFileType = sourcecode.swift; path = PokeType.swift; sourceTree = "<group>"; };
		6A1C553D2DD2037D00925D0B /* PokeView.swift */ = {isa = PBXFileReference; lastKnownFileType = sourcecode.swift; path = PokeView.swift; sourceTree = "<group>"; };
		6A1C553F2DD2039E00925D0B /* SelectionBox.swift */ = {isa = PBXFileReference; lastKnownFileType = sourcecode.swift; path = SelectionBox.swift; sourceTree = "<group>"; };
		6A1C55412DD203B800925D0B /* Move.swift */ = {isa = PBXFileReference; lastKnownFileType = sourcecode.swift; path = Move.swift; sourceTree = "<group>"; };
		6A1C55432DD203E500925D0B /* PokedexEntry.swift */ = {isa = PBXFileReference; lastKnownFileType = sourcecode.swift; path = PokedexEntry.swift; sourceTree = "<group>"; };
		6A4D4FF42DCDB68900515AE4 /* PokemonBattleCalculatorView.swift */ = {isa = PBXFileReference; fileEncoding = 4; lastKnownFileType = sourcecode.swift; path = PokemonBattleCalculatorView.swift; sourceTree = "<group>"; };
		6A5E23702DD0968800C60CBD /* CalculateView.swift */ = {isa = PBXFileReference; lastKnownFileType = sourcecode.swift; path = CalculateView.swift; sourceTree = "<group>"; };
		6AA5D4892DCF41DB00CD475C /* PokemonSelectionView.swift */ = {isa = PBXFileReference; lastKnownFileType = sourcecode.swift; path = PokemonSelectionView.swift; sourceTree = "<group>"; };
		6AA5D48B2DCF441900CD475C /* MoveListView.swift */ = {isa = PBXFileReference; lastKnownFileType = sourcecode.swift; path = MoveListView.swift; sourceTree = "<group>"; };
		6AA5D48F2DCF53C600CD475C /* SelectInfoView.swift */ = {isa = PBXFileReference; lastKnownFileType = sourcecode.swift; path = SelectInfoView.swift; sourceTree = "<group>"; };
		6ADB8D8B2DCF2DCC00DA0F81 /* moves.json */ = {isa = PBXFileReference; lastKnownFileType = text.json; path = moves.json; sourceTree = "<group>"; };
		6ADB8D8C2DCF2DCC00DA0F81 /* pokedex.json */ = {isa = PBXFileReference; lastKnownFileType = text.json; path = pokedex.json; sourceTree = "<group>"; };
		6ADB8D8D2DCF2DCC00DA0F81 /* types.json */ = {isa = PBXFileReference; lastKnownFileType = text.json; path = types.json; sourceTree = "<group>"; };
		6AFAD0C92DCDB43600063E06 /* iOSAssignment3.app */ = {isa = PBXFileReference; explicitFileType = wrapper.application; includeInIndex = 0; path = iOSAssignment3.app; sourceTree = BUILT_PRODUCTS_DIR; };
		6AFAD0CC2DCDB43600063E06 /* iOSAssignment3App.swift */ = {isa = PBXFileReference; lastKnownFileType = sourcecode.swift; path = iOSAssignment3App.swift; sourceTree = "<group>"; };
		6AFAD0D02DCDB43900063E06 /* Assets.xcassets */ = {isa = PBXFileReference; lastKnownFileType = folder.assetcatalog; path = Assets.xcassets; sourceTree = "<group>"; };
		6AFAD0D32DCDB43900063E06 /* Preview Assets.xcassets */ = {isa = PBXFileReference; lastKnownFileType = folder.assetcatalog; path = "Preview Assets.xcassets"; sourceTree = "<group>"; };
		CE8C96512DCDB8DC0005C5B5 /* todo.txt */ = {isa = PBXFileReference; lastKnownFileType = text; path = todo.txt; sourceTree = "<group>"; };
/* End PBXFileReference section */

/* Begin PBXFrameworksBuildPhase section */
		6AFAD0C62DCDB43600063E06 /* Frameworks */ = {
			isa = PBXFrameworksBuildPhase;
			buildActionMask = 2147483647;
			files = (
			);
			runOnlyForDeploymentPostprocessing = 0;
		};
/* End PBXFrameworksBuildPhase section */

/* Begin PBXGroup section */
		6AA5D4912DCF554E00CD475C /* Images */ = {
			isa = PBXGroup;
			children = (
			);
			path = Images;
			sourceTree = "<group>";
		};
		6ADB8D8E2DCF2DCC00DA0F81 /* Data */ = {
			isa = PBXGroup;
			children = (
				6AA5D4912DCF554E00CD475C /* Images */,
				6ADB8D8B2DCF2DCC00DA0F81 /* moves.json */,
				6ADB8D8C2DCF2DCC00DA0F81 /* pokedex.json */,
				6ADB8D8D2DCF2DCC00DA0F81 /* types.json */,
			);
			path = Data;
			sourceTree = "<group>";
		};
		6AFAD0C02DCDB43600063E06 = {
			isa = PBXGroup;
			children = (
				6ADB8D8E2DCF2DCC00DA0F81 /* Data */,
				6AFAD0CB2DCDB43600063E06 /* iOSAssignment3 */,
				6AFAD0CA2DCDB43600063E06 /* Products */,
			);
			sourceTree = "<group>";
		};
		6AFAD0CA2DCDB43600063E06 /* Products */ = {
			isa = PBXGroup;
			children = (
				6AFAD0C92DCDB43600063E06 /* iOSAssignment3.app */,
			);
			name = Products;
			sourceTree = "<group>";
		};
		6AFAD0CB2DCDB43600063E06 /* iOSAssignment3 */ = {
			isa = PBXGroup;
			children = (
				6A5E23702DD0968800C60CBD /* CalculateView.swift */,
				6A1C553D2DD2037D00925D0B /* PokeView.swift */,
				6A1C553B2DD2036000925D0B /* PokeType.swift */,
				6AFAD0CC2DCDB43600063E06 /* iOSAssignment3App.swift */,
				6A4D4FF42DCDB68900515AE4 /* PokemonBattleCalculatorView.swift */,
				6A1C553F2DD2039E00925D0B /* SelectionBox.swift */,
				6AA5D48F2DCF53C600CD475C /* SelectInfoView.swift */,
				6A1C55412DD203B800925D0B /* Move.swift */,
				6AA5D48B2DCF441900CD475C /* MoveListView.swift */,
				6AA5D4892DCF41DB00CD475C /* PokemonSelectionView.swift */,
				6A1C55432DD203E500925D0B /* PokedexEntry.swift */,
				6AFAD0D02DCDB43900063E06 /* Assets.xcassets */,
				6AFAD0D22DCDB43900063E06 /* Preview Content */,
				CE8C96512DCDB8DC0005C5B5 /* todo.txt */,
			);
			path = iOSAssignment3;
			sourceTree = "<group>";
		};
		6AFAD0D22DCDB43900063E06 /* Preview Content */ = {
			isa = PBXGroup;
			children = (
				6AFAD0D32DCDB43900063E06 /* Preview Assets.xcassets */,
			);
			path = "Preview Content";
			sourceTree = "<group>";
		};
/* End PBXGroup section */

/* Begin PBXNativeTarget section */
		6AFAD0C82DCDB43600063E06 /* iOSAssignment3 */ = {
			isa = PBXNativeTarget;
			buildConfigurationList = 6AFAD0D72DCDB43900063E06 /* Build configuration list for PBXNativeTarget "iOSAssignment3" */;
			buildPhases = (
				6AFAD0C52DCDB43600063E06 /* Sources */,
				6AFAD0C62DCDB43600063E06 /* Frameworks */,
				6AFAD0C72DCDB43600063E06 /* Resources */,
			);
			buildRules = (
			);
			dependencies = (
			);
			name = iOSAssignment3;
			productName = iOSAssignment3;
			productReference = 6AFAD0C92DCDB43600063E06 /* iOSAssignment3.app */;
			productType = "com.apple.product-type.application";
		};
/* End PBXNativeTarget section */

/* Begin PBXProject section */
		6AFAD0C12DCDB43600063E06 /* Project object */ = {
			isa = PBXProject;
			attributes = {
				BuildIndependentTargetsInParallel = 1;
				LastSwiftUpdateCheck = 1430;
				LastUpgradeCheck = 1430;
				TargetAttributes = {
					6AFAD0C82DCDB43600063E06 = {
						CreatedOnToolsVersion = 14.3.1;
					};
				};
			};
			buildConfigurationList = 6AFAD0C42DCDB43600063E06 /* Build configuration list for PBXProject "iOSAssignment3" */;
			compatibilityVersion = "Xcode 14.0";
			developmentRegion = en;
			hasScannedForEncodings = 0;
			knownRegions = (
				en,
				Base,
			);
			mainGroup = 6AFAD0C02DCDB43600063E06;
			productRefGroup = 6AFAD0CA2DCDB43600063E06 /* Products */;
			projectDirPath = "";
			projectRoot = "";
			targets = (
				6AFAD0C82DCDB43600063E06 /* iOSAssignment3 */,
			);
		};
/* End PBXProject section */

/* Begin PBXResourcesBuildPhase section */
		6AFAD0C72DCDB43600063E06 /* Resources */ = {
			isa = PBXResourcesBuildPhase;
			buildActionMask = 2147483647;
			files = (
				6AA5D4842DCF320100CD475C /* moves.json in Resources */,
				6AA5D4852DCF320100CD475C /* pokedex.json in Resources */,
				6AA5D4862DCF320100CD475C /* types.json in Resources */,
				CE8C96522DCDB8DC0005C5B5 /* todo.txt in Resources */,
				6AFAD0D42DCDB43900063E06 /* Preview Assets.xcassets in Resources */,
				6AFAD0D12DCDB43900063E06 /* Assets.xcassets in Resources */,
			);
			runOnlyForDeploymentPostprocessing = 0;
		};
/* End PBXResourcesBuildPhase section */

/* Begin PBXSourcesBuildPhase section */
		6AFAD0C52DCDB43600063E06 /* Sources */ = {
			isa = PBXSourcesBuildPhase;
			buildActionMask = 2147483647;
			files = (
				6A1C55422DD203B800925D0B /* Move.swift in Sources */,
				6AA5D4902DCF53C600CD475C /* SelectInfoView.swift in Sources */,
				6A1C55402DD2039E00925D0B /* SelectionBox.swift in Sources */,
				6A5E23712DD0968800C60CBD /* CalculateView.swift in Sources */,
				6A1C553C2DD2036000925D0B /* PokeType.swift in Sources */,
				6A1C553E2DD2037D00925D0B /* PokeView.swift in Sources */,
				6A4D4FF52DCDB68A00515AE4 /* PokemonBattleCalculatorView.swift in Sources */,
				6AA5D48A2DCF41DB00CD475C /* PokemonSelectionView.swift in Sources */,
				6AFAD0CD2DCDB43600063E06 /* iOSAssignment3App.swift in Sources */,
				6AA5D48C2DCF441900CD475C /* MoveListView.swift in Sources */,
				6A1C55442DD203E500925D0B /* PokedexEntry.swift in Sources */,
			);
			runOnlyForDeploymentPostprocessing = 0;
		};
/* End PBXSourcesBuildPhase section */

/* Begin XCBuildConfiguration section */
		6AFAD0D52DCDB43900063E06 /* Debug */ = {
			isa = XCBuildConfiguration;
			buildSettings = {
				ALWAYS_SEARCH_USER_PATHS = NO;
				CLANG_ANALYZER_NONNULL = YES;
				CLANG_ANALYZER_NUMBER_OBJECT_CONVERSION = YES_AGGRESSIVE;
				CLANG_CXX_LANGUAGE_STANDARD = "gnu++20";
				CLANG_ENABLE_MODULES = YES;
				CLANG_ENABLE_OBJC_ARC = YES;
				CLANG_ENABLE_OBJC_WEAK = YES;
				CLANG_WARN_BLOCK_CAPTURE_AUTORELEASING = YES;
				CLANG_WARN_BOOL_CONVERSION = YES;
				CLANG_WARN_COMMA = YES;
				CLANG_WARN_CONSTANT_CONVERSION = YES;
				CLANG_WARN_DEPRECATED_OBJC_IMPLEMENTATIONS = YES;
				CLANG_WARN_DIRECT_OBJC_ISA_USAGE = YES_ERROR;
				CLANG_WARN_DOCUMENTATION_COMMENTS = YES;
				CLANG_WARN_EMPTY_BODY = YES;
				CLANG_WARN_ENUM_CONVERSION = YES;
				CLANG_WARN_INFINITE_RECURSION = YES;
				CLANG_WARN_INT_CONVERSION = YES;
				CLANG_WARN_NON_LITERAL_NULL_CONVERSION = YES;
				CLANG_WARN_OBJC_IMPLICIT_RETAIN_SELF = YES;
				CLANG_WARN_OBJC_LITERAL_CONVERSION = YES;
				CLANG_WARN_OBJC_ROOT_CLASS = YES_ERROR;
				CLANG_WARN_QUOTED_INCLUDE_IN_FRAMEWORK_HEADER = YES;
				CLANG_WARN_RANGE_LOOP_ANALYSIS = YES;
				CLANG_WARN_STRICT_PROTOTYPES = YES;
				CLANG_WARN_SUSPICIOUS_MOVE = YES;
				CLANG_WARN_UNGUARDED_AVAILABILITY = YES_AGGRESSIVE;
				CLANG_WARN_UNREACHABLE_CODE = YES;
				CLANG_WARN__DUPLICATE_METHOD_MATCH = YES;
				COPY_PHASE_STRIP = NO;
				DEBUG_INFORMATION_FORMAT = dwarf;
				ENABLE_STRICT_OBJC_MSGSEND = YES;
				ENABLE_TESTABILITY = YES;
				GCC_C_LANGUAGE_STANDARD = gnu11;
				GCC_DYNAMIC_NO_PIC = NO;
				GCC_NO_COMMON_BLOCKS = YES;
				GCC_OPTIMIZATION_LEVEL = 0;
				GCC_PREPROCESSOR_DEFINITIONS = (
					"DEBUG=1",
					"$(inherited)",
				);
				GCC_WARN_64_TO_32_BIT_CONVERSION = YES;
				GCC_WARN_ABOUT_RETURN_TYPE = YES_ERROR;
				GCC_WARN_UNDECLARED_SELECTOR = YES;
				GCC_WARN_UNINITIALIZED_AUTOS = YES_AGGRESSIVE;
				GCC_WARN_UNUSED_FUNCTION = YES;
				GCC_WARN_UNUSED_VARIABLE = YES;
				IPHONEOS_DEPLOYMENT_TARGET = 16.4;
				MTL_ENABLE_DEBUG_INFO = INCLUDE_SOURCE;
				MTL_FAST_MATH = YES;
				ONLY_ACTIVE_ARCH = YES;
				SDKROOT = iphoneos;
				SWIFT_ACTIVE_COMPILATION_CONDITIONS = DEBUG;
				SWIFT_OPTIMIZATION_LEVEL = "-Onone";
			};
			name = Debug;
		};
		6AFAD0D62DCDB43900063E06 /* Release */ = {
			isa = XCBuildConfiguration;
			buildSettings = {
				ALWAYS_SEARCH_USER_PATHS = NO;
				CLANG_ANALYZER_NONNULL = YES;
				CLANG_ANALYZER_NUMBER_OBJECT_CONVERSION = YES_AGGRESSIVE;
				CLANG_CXX_LANGUAGE_STANDARD = "gnu++20";
				CLANG_ENABLE_MODULES = YES;
				CLANG_ENABLE_OBJC_ARC = YES;
				CLANG_ENABLE_OBJC_WEAK = YES;
				CLANG_WARN_BLOCK_CAPTURE_AUTORELEASING = YES;
				CLANG_WARN_BOOL_CONVERSION = YES;
				CLANG_WARN_COMMA = YES;
				CLANG_WARN_CONSTANT_CONVERSION = YES;
				CLANG_WARN_DEPRECATED_OBJC_IMPLEMENTATIONS = YES;
				CLANG_WARN_DIRECT_OBJC_ISA_USAGE = YES_ERROR;
				CLANG_WARN_DOCUMENTATION_COMMENTS = YES;
				CLANG_WARN_EMPTY_BODY = YES;
				CLANG_WARN_ENUM_CONVERSION = YES;
				CLANG_WARN_INFINITE_RECURSION = YES;
				CLANG_WARN_INT_CONVERSION = YES;
				CLANG_WARN_NON_LITERAL_NULL_CONVERSION = YES;
				CLANG_WARN_OBJC_IMPLICIT_RETAIN_SELF = YES;
				CLANG_WARN_OBJC_LITERAL_CONVERSION = YES;
				CLANG_WARN_OBJC_ROOT_CLASS = YES_ERROR;
				CLANG_WARN_QUOTED_INCLUDE_IN_FRAMEWORK_HEADER = YES;
				CLANG_WARN_RANGE_LOOP_ANALYSIS = YES;
				CLANG_WARN_STRICT_PROTOTYPES = YES;
				CLANG_WARN_SUSPICIOUS_MOVE = YES;
				CLANG_WARN_UNGUARDED_AVAILABILITY = YES_AGGRESSIVE;
				CLANG_WARN_UNREACHABLE_CODE = YES;
				CLANG_WARN__DUPLICATE_METHOD_MATCH = YES;
				COPY_PHASE_STRIP = NO;
				DEBUG_INFORMATION_FORMAT = "dwarf-with-dsym";
				ENABLE_NS_ASSERTIONS = NO;
				ENABLE_STRICT_OBJC_MSGSEND = YES;
				GCC_C_LANGUAGE_STANDARD = gnu11;
				GCC_NO_COMMON_BLOCKS = YES;
				GCC_WARN_64_TO_32_BIT_CONVERSION = YES;
				GCC_WARN_ABOUT_RETURN_TYPE = YES_ERROR;
				GCC_WARN_UNDECLARED_SELECTOR = YES;
				GCC_WARN_UNINITIALIZED_AUTOS = YES_AGGRESSIVE;
				GCC_WARN_UNUSED_FUNCTION = YES;
				GCC_WARN_UNUSED_VARIABLE = YES;
				IPHONEOS_DEPLOYMENT_TARGET = 16.4;
				MTL_ENABLE_DEBUG_INFO = NO;
				MTL_FAST_MATH = YES;
				SDKROOT = iphoneos;
				SWIFT_COMPILATION_MODE = wholemodule;
				SWIFT_OPTIMIZATION_LEVEL = "-O";
				VALIDATE_PRODUCT = YES;
			};
			name = Release;
		};
		6AFAD0D82DCDB43900063E06 /* Debug */ = {
			isa = XCBuildConfiguration;
			buildSettings = {
				ASSETCATALOG_COMPILER_APPICON_NAME = AppIcon;
				ASSETCATALOG_COMPILER_GLOBAL_ACCENT_COLOR_NAME = AccentColor;
				CODE_SIGN_STYLE = Automatic;
				CURRENT_PROJECT_VERSION = 1;
				DEVELOPMENT_ASSET_PATHS = "\"iOSAssignment3/Preview Content\"";
				DEVELOPMENT_TEAM = FCSZ5LKGPG;
				ENABLE_PREVIEWS = YES;
				GENERATE_INFOPLIST_FILE = YES;
				INFOPLIST_KEY_UIApplicationSceneManifest_Generation = YES;
				INFOPLIST_KEY_UIApplicationSupportsIndirectInputEvents = YES;
				INFOPLIST_KEY_UILaunchScreen_Generation = YES;
				INFOPLIST_KEY_UISupportedInterfaceOrientations_iPad = "UIInterfaceOrientationPortrait UIInterfaceOrientationPortraitUpsideDown UIInterfaceOrientationLandscapeLeft UIInterfaceOrientationLandscapeRight";
				INFOPLIST_KEY_UISupportedInterfaceOrientations_iPhone = "UIInterfaceOrientationPortrait UIInterfaceOrientationLandscapeLeft UIInterfaceOrientationLandscapeRight";
				LD_RUNPATH_SEARCH_PATHS = (
					"$(inherited)",
					"@executable_path/Frameworks",
				);
				MARKETING_VERSION = 1.0;
				PRODUCT_BUNDLE_IDENTIFIER = UTS.iOSAssignment3;
				PRODUCT_NAME = "$(TARGET_NAME)";
				SWIFT_EMIT_LOC_STRINGS = YES;
				SWIFT_VERSION = 5.0;
				TARGETED_DEVICE_FAMILY = "1,2";
			};
			name = Debug;
		};
		6AFAD0D92DCDB43900063E06 /* Release */ = {
			isa = XCBuildConfiguration;
			buildSettings = {
				ASSETCATALOG_COMPILER_APPICON_NAME = AppIcon;
				ASSETCATALOG_COMPILER_GLOBAL_ACCENT_COLOR_NAME = AccentColor;
				CODE_SIGN_STYLE = Automatic;
				CURRENT_PROJECT_VERSION = 1;
				DEVELOPMENT_ASSET_PATHS = "\"iOSAssignment3/Preview Content\"";
				DEVELOPMENT_TEAM = FCSZ5LKGPG;
				ENABLE_PREVIEWS = YES;
				GENERATE_INFOPLIST_FILE = YES;
				INFOPLIST_KEY_UIApplicationSceneManifest_Generation = YES;
				INFOPLIST_KEY_UIApplicationSupportsIndirectInputEvents = YES;
				INFOPLIST_KEY_UILaunchScreen_Generation = YES;
				INFOPLIST_KEY_UISupportedInterfaceOrientations_iPad = "UIInterfaceOrientationPortrait UIInterfaceOrientationPortraitUpsideDown UIInterfaceOrientationLandscapeLeft UIInterfaceOrientationLandscapeRight";
				INFOPLIST_KEY_UISupportedInterfaceOrientations_iPhone = "UIInterfaceOrientationPortrait UIInterfaceOrientationLandscapeLeft UIInterfaceOrientationLandscapeRight";
				LD_RUNPATH_SEARCH_PATHS = (
					"$(inherited)",
					"@executable_path/Frameworks",
				);
				MARKETING_VERSION = 1.0;
				PRODUCT_BUNDLE_IDENTIFIER = UTS.iOSAssignment3;
				PRODUCT_NAME = "$(TARGET_NAME)";
				SWIFT_EMIT_LOC_STRINGS = YES;
				SWIFT_VERSION = 5.0;
				TARGETED_DEVICE_FAMILY = "1,2";
			};
			name = Release;
		};
/* End XCBuildConfiguration section */

/* Begin XCConfigurationList section */
		6AFAD0C42DCDB43600063E06 /* Build configuration list for PBXProject "iOSAssignment3" */ = {
			isa = XCConfigurationList;
			buildConfigurations = (
				6AFAD0D52DCDB43900063E06 /* Debug */,
				6AFAD0D62DCDB43900063E06 /* Release */,
			);
			defaultConfigurationIsVisible = 0;
			defaultConfigurationName = Release;
		};
		6AFAD0D72DCDB43900063E06 /* Build configuration list for PBXNativeTarget "iOSAssignment3" */ = {
			isa = XCConfigurationList;
			buildConfigurations = (
				6AFAD0D82DCDB43900063E06 /* Debug */,
				6AFAD0D92DCDB43900063E06 /* Release */,
			);
			defaultConfigurationIsVisible = 0;
			defaultConfigurationName = Release;
		};
/* End XCConfigurationList section */
	};
	rootObject = 6AFAD0C12DCDB43600063E06 /* Project object */;
}
